PODS:
  - MBProgressHUD (1.1.0)
  - SNTool (0.1.5):
    - MBProgressHUD

DEPENDENCIES:
  - SNTool

SPEC REPOS:
  https://github.com/cocoapods/specs.git:
    - MBProgressHUD
    - SNTool

SPEC CHECKSUMS:
  MBProgressHUD: e7baa36a220447d8aeb12769bf0585582f3866d9
  SNTool: e00ae96648ce76dfd9e47f5995f17336255a95ad

PODFILE CHECKSUM: cdad8e0a75c942047c5e8cf9be6fe158365c86d6

COCOAPODS: 1.7.0.beta.2
